
Microsoft Visual Studio Solution File, Format Version 12.00
# Visual Studio Version 17
VisualStudioVersion = 17.7.34024.191
MinimumVisualStudioVersion = 10.0.40219.1
Project("{FAE04EC0-301F-11D3-BF4B-00C04F79EFBC}") = "CIS153_ConnectFour_Group7", "CIS153_ConnectFour_Group7\CIS153_ConnectFour_Group7.csproj", "{2A0CEFEA-120D-42CB-8C05-F1A39660BCD4}"
EndProject
Global
	GlobalSection(SolutionConfigurationPlatforms) = preSolution
		Debug|Any CPU = Debug|Any CPU
		Release|Any CPU = Release|Any CPU
	EndGlobalSection
	GlobalSection(ProjectConfigurationPlatforms) = postSolution
		{2A0CEFEA-120D-42CB-8C05-F1A39660BCD4}.Debug|Any CPU.ActiveCfg = Debug|Any CPU
		{2A0CEFEA-120D-42CB-8C05-F1A39660BCD4}.Debug|Any CPU.Build.0 = Debug|Any CPU
		{2A0CEFEA-120D-42CB-8C05-F1A39660BCD4}.Release|Any CPU.ActiveCfg = Release|Any CPU
		{2A0CEFEA-120D-42CB-8C05-F1A39660BCD4}.Release|Any CPU.Build.0 = Release|Any CPU
	EndGlobalSection
	GlobalSection(SolutionProperties) = preSolution
		HideSolutionNode = FALSE
	EndGlobalSection
	GlobalSection(ExtensibilityGlobals) = postSolution
		SolutionGuid = {5C006CE7-1CAC-4732-B484-7D575BA35880}
	EndGlobalSection
EndGlobal
